{
  "version": 4,
  "terraform_version": "1.8.5",
  "serial": 16,
  "lineage": "1f5fe0df-d9f0-6546-97fd-87c03883c772",
  "outputs": {},
  "resources": [
    {
      "mode": "data",
      "type": "google_dns_managed_zone",
      "name": "dns_zone",
      "provider": "provider[\"registry.terraform.io/hashicorp/google\"]",
      "instances": [
        {
          "schema_version": 0,
          "attributes": {
            "description": "",
            "dns_name": "test.alif.cloud.",
            "id": "projects/freecodecamp-terraform-425605/managedZones/terraform-gcp",
            "managed_zone_id": 4249000451299521735,
            "name": "terraform-gcp",
            "name_servers": [
              "ns-cloud-c1.googledomains.com.",
              "ns-cloud-c2.googledomains.com.",
              "ns-cloud-c3.googledomains.com.",
              "ns-cloud-c4.googledomains.com."
            ],
            "project": "freecodecamp-terraform-425605",
            "visibility": "public"
          },
          "sensitive_attributes": []
        }
      ]
    },
    {
      "mode": "managed",
      "type": "google_compute_backend_bucket",
      "name": "website-backend",
      "provider": "provider[\"registry.terraform.io/hashicorp/google\"]",
      "instances": [
        {
          "schema_version": 0,
          "attributes": {
            "bucket_name": "example-website-by-alif",
            "cdn_policy": [
              {
                "bypass_cache_on_request_headers": [],
                "cache_key_policy": [],
                "cache_mode": "CACHE_ALL_STATIC",
                "client_ttl": 3600,
                "default_ttl": 3600,
                "max_ttl": 86400,
                "negative_caching": true,
                "negative_caching_policy": [],
                "request_coalescing": true,
                "serve_while_stale": 86400,
                "signed_url_cache_max_age_sec": 0
              }
            ],
            "compression_mode": "",
            "creation_timestamp": "2024-06-09T01:17:20.642-07:00",
            "custom_response_headers": null,
            "description": "Contains files needed for the bucket",
            "edge_security_policy": "",
            "enable_cdn": true,
            "id": "projects/freecodecamp-terraform-425605/global/backendBuckets/website-bucket",
            "name": "website-bucket",
            "project": "freecodecamp-terraform-425605",
            "self_link": "https://www.googleapis.com/compute/v1/projects/freecodecamp-terraform-425605/global/backendBuckets/website-bucket",
            "timeouts": null
          },
          "sensitive_attributes": [],
          "private": "eyJlMmJmYjczMC1lY2FhLTExZTYtOGY4OC0zNDM2M2JjN2M0YzAiOnsiY3JlYXRlIjoxMjAwMDAwMDAwMDAwLCJkZWxldGUiOjEyMDAwMDAwMDAwMDAsInVwZGF0ZSI6MTIwMDAwMDAwMDAwMH19",
          "dependencies": [
            "google_storage_bucket.website"
          ]
        }
      ]
    },
    {
      "mode": "managed",
      "type": "google_compute_global_address",
      "name": "website_ip",
      "provider": "provider[\"registry.terraform.io/hashicorp/google\"]",
      "instances": [
        {
          "schema_version": 0,
          "attributes": {
            "address": "34.149.62.224",
            "address_type": "EXTERNAL",
            "creation_timestamp": "2024-06-09T01:17:20.618-07:00",
            "description": "",
            "id": "projects/freecodecamp-terraform-425605/global/addresses/website-lb-ip",
            "ip_version": "",
            "name": "website-lb-ip",
            "network": "",
            "prefix_length": 0,
            "project": "freecodecamp-terraform-425605",
            "purpose": "",
            "self_link": "https://www.googleapis.com/compute/v1/projects/freecodecamp-terraform-425605/global/addresses/website-lb-ip",
            "timeouts": null
          },
          "sensitive_attributes": [],
          "private": "eyJlMmJmYjczMC1lY2FhLTExZTYtOGY4OC0zNDM2M2JjN2M0YzAiOnsiY3JlYXRlIjoxMjAwMDAwMDAwMDAwLCJkZWxldGUiOjEyMDAwMDAwMDAwMDB9fQ=="
        }
      ]
    },
    {
      "mode": "managed",
      "type": "google_compute_global_forwarding_rule",
      "name": "default",
      "provider": "provider[\"registry.terraform.io/hashicorp/google\"]",
      "instances": [
        {
          "schema_version": 0,
          "attributes": {
            "base_forwarding_rule": "",
            "description": "",
            "effective_labels": {},
            "id": "projects/freecodecamp-terraform-425605/global/forwardingRules/website-forwarding-rule",
            "ip_address": "34.149.62.224",
            "ip_protocol": "TCP",
            "ip_version": "",
            "label_fingerprint": "42WmSpB8rSM=",
            "labels": null,
            "load_balancing_scheme": "EXTERNAL",
            "metadata_filters": [],
            "name": "website-forwarding-rule",
            "network": "",
            "no_automate_dns_zone": null,
            "port_range": "80-80",
            "project": "freecodecamp-terraform-425605",
            "psc_connection_id": "",
            "psc_connection_status": "",
            "self_link": "https://www.googleapis.com/compute/v1/projects/freecodecamp-terraform-425605/global/forwardingRules/website-forwarding-rule",
            "service_directory_registrations": [],
            "source_ip_ranges": null,
            "subnetwork": "",
            "target": "https://www.googleapis.com/compute/v1/projects/freecodecamp-terraform-425605/global/targetHttpProxies/website-target-proxy",
            "terraform_labels": {},
            "timeouts": null
          },
          "sensitive_attributes": [],
          "private": "eyJlMmJmYjczMC1lY2FhLTExZTYtOGY4OC0zNDM2M2JjN2M0YzAiOnsiY3JlYXRlIjoxMjAwMDAwMDAwMDAwLCJkZWxldGUiOjEyMDAwMDAwMDAwMDAsInVwZGF0ZSI6MTIwMDAwMDAwMDAwMH19",
          "dependencies": [
            "google_compute_backend_bucket.website-backend",
            "google_compute_global_address.website_ip",
            "google_compute_target_http_proxy.website",
            "google_compute_url_map.website",
            "google_storage_bucket.website"
          ]
        }
      ]
    },
    {
      "mode": "managed",
      "type": "google_compute_target_http_proxy",
      "name": "website",
      "provider": "provider[\"registry.terraform.io/hashicorp/google\"]",
      "instances": [
        {
          "schema_version": 0,
          "attributes": {
            "creation_timestamp": "2024-06-09T01:17:44.750-07:00",
            "description": "",
            "http_keep_alive_timeout_sec": 0,
            "id": "projects/freecodecamp-terraform-425605/global/targetHttpProxies/website-target-proxy",
            "name": "website-target-proxy",
            "project": "freecodecamp-terraform-425605",
            "proxy_bind": false,
            "proxy_id": 1073475904200039367,
            "self_link": "https://www.googleapis.com/compute/v1/projects/freecodecamp-terraform-425605/global/targetHttpProxies/website-target-proxy",
            "timeouts": null,
            "url_map": "https://www.googleapis.com/compute/v1/projects/freecodecamp-terraform-425605/global/urlMaps/website-url-map"
          },
          "sensitive_attributes": [],
          "private": "eyJlMmJmYjczMC1lY2FhLTExZTYtOGY4OC0zNDM2M2JjN2M0YzAiOnsiY3JlYXRlIjoxMjAwMDAwMDAwMDAwLCJkZWxldGUiOjEyMDAwMDAwMDAwMDAsInVwZGF0ZSI6MTIwMDAwMDAwMDAwMH19",
          "dependencies": [
            "google_compute_backend_bucket.website-backend",
            "google_compute_url_map.website",
            "google_storage_bucket.website"
          ]
        }
      ]
    },
    {
      "mode": "managed",
      "type": "google_compute_url_map",
      "name": "website",
      "provider": "provider[\"registry.terraform.io/hashicorp/google\"]",
      "instances": [
        {
          "schema_version": 0,
          "attributes": {
            "creation_timestamp": "2024-06-09T01:17:32.755-07:00",
            "default_route_action": [],
            "default_service": "https://www.googleapis.com/compute/v1/projects/freecodecamp-terraform-425605/global/backendBuckets/website-bucket",
            "default_url_redirect": [],
            "description": "",
            "fingerprint": "bNsUKWwyz9w=",
            "header_action": [],
            "host_rule": [
              {
                "description": "",
                "hosts": [
                  "*"
                ],
                "path_matcher": "allpaths"
              }
            ],
            "id": "projects/freecodecamp-terraform-425605/global/urlMaps/website-url-map",
            "map_id": 5651941690622663667,
            "name": "website-url-map",
            "path_matcher": [
              {
                "default_route_action": [],
                "default_service": "https://www.googleapis.com/compute/v1/projects/freecodecamp-terraform-425605/global/backendBuckets/website-bucket",
                "default_url_redirect": [],
                "description": "",
                "header_action": [],
                "name": "allpaths",
                "path_rule": [],
                "route_rules": []
              }
            ],
            "project": "freecodecamp-terraform-425605",
            "self_link": "https://www.googleapis.com/compute/v1/projects/freecodecamp-terraform-425605/global/urlMaps/website-url-map",
            "test": [],
            "timeouts": null
          },
          "sensitive_attributes": [],
          "private": "eyJlMmJmYjczMC1lY2FhLTExZTYtOGY4OC0zNDM2M2JjN2M0YzAiOnsiY3JlYXRlIjoxMjAwMDAwMDAwMDAwLCJkZWxldGUiOjEyMDAwMDAwMDAwMDAsInVwZGF0ZSI6MTIwMDAwMDAwMDAwMH19",
          "dependencies": [
            "google_compute_backend_bucket.website-backend",
            "google_storage_bucket.website"
          ]
        }
      ]
    },
    {
      "mode": "managed",
      "type": "google_dns_record_set",
      "name": "website",
      "provider": "provider[\"registry.terraform.io/hashicorp/google\"]",
      "instances": [
        {
          "schema_version": 0,
          "attributes": {
            "id": "projects/freecodecamp-terraform-425605/managedZones/terraform-gcp/rrsets/website.test.alif.cloud./A",
            "managed_zone": "terraform-gcp",
            "name": "website.test.alif.cloud.",
            "project": "freecodecamp-terraform-425605",
            "routing_policy": [],
            "rrdatas": [
              "34.149.62.224"
            ],
            "ttl": 300,
            "type": "A"
          },
          "sensitive_attributes": [],
          "private": "bnVsbA==",
          "dependencies": [
            "data.google_dns_managed_zone.dns_zone",
            "google_compute_global_address.website_ip"
          ]
        }
      ]
    },
    {
      "mode": "managed",
      "type": "google_storage_bucket",
      "name": "website",
      "provider": "provider[\"registry.terraform.io/hashicorp/google\"]",
      "instances": [
        {
          "schema_version": 1,
          "attributes": {
            "autoclass": [],
            "cors": [],
            "custom_placement_config": [],
            "default_event_based_hold": false,
            "effective_labels": {},
            "enable_object_retention": false,
            "encryption": [],
            "force_destroy": false,
            "id": "example-website-by-alif",
            "labels": {},
            "lifecycle_rule": [],
            "location": "US",
            "logging": [],
            "name": "example-website-by-alif",
            "project": "freecodecamp-terraform-425605",
            "project_number": 783273866904,
            "public_access_prevention": "inherited",
            "requester_pays": false,
            "retention_policy": [],
            "rpo": "DEFAULT",
            "self_link": "https://www.googleapis.com/storage/v1/b/example-website-by-alif",
            "soft_delete_policy": [
              {
                "effective_time": "2024-06-09T07:47:09.360Z",
                "retention_duration_seconds": 604800
              }
            ],
            "storage_class": "STANDARD",
            "terraform_labels": {},
            "timeouts": null,
            "uniform_bucket_level_access": false,
            "url": "gs://example-website-by-alif",
            "versioning": [],
            "website": []
          },
          "sensitive_attributes": [],
          "private": "eyJlMmJmYjczMC1lY2FhLTExZTYtOGY4OC0zNDM2M2JjN2M0YzAiOnsiY3JlYXRlIjo2MDAwMDAwMDAwMDAsInJlYWQiOjI0MDAwMDAwMDAwMCwidXBkYXRlIjoyNDAwMDAwMDAwMDB9LCJzY2hlbWFfdmVyc2lvbiI6IjEifQ=="
        }
      ]
    },
    {
      "mode": "managed",
      "type": "google_storage_bucket_object",
      "name": "website",
      "provider": "provider[\"registry.terraform.io/hashicorp/google\"]",
      "instances": [
        {
          "schema_version": 0,
          "attributes": {
            "bucket": "example-website-by-alif",
            "cache_control": "",
            "content": null,
            "content_disposition": "",
            "content_encoding": "",
            "content_language": "",
            "content_type": "text/html; charset=utf-8",
            "crc32c": "8+P/5A==",
            "customer_encryption": [],
            "detect_md5hash": "iXLfWKdj8hE8j7fIC6a94A==",
            "event_based_hold": false,
            "id": "example-website-by-alif-index.html",
            "kms_key_name": "",
            "md5hash": "iXLfWKdj8hE8j7fIC6a94A==",
            "media_link": "https://storage.googleapis.com/download/storage/v1/b/example-website-by-alif/o/index.html?generation=1717919500153348\u0026alt=media",
            "metadata": {},
            "name": "index.html",
            "output_name": "index.html",
            "retention": [],
            "self_link": "https://www.googleapis.com/storage/v1/b/example-website-by-alif/o/index.html",
            "source": "../website/index.html",
            "storage_class": "STANDARD",
            "temporary_hold": false,
            "timeouts": null
          },
          "sensitive_attributes": [
            [
              {
                "type": "get_attr",
                "value": "content"
              }
            ]
          ],
          "private": "eyJlMmJmYjczMC1lY2FhLTExZTYtOGY4OC0zNDM2M2JjN2M0YzAiOnsiY3JlYXRlIjoyNDAwMDAwMDAwMDAsImRlbGV0ZSI6MjQwMDAwMDAwMDAwLCJ1cGRhdGUiOjI0MDAwMDAwMDAwMH19",
          "dependencies": [
            "google_storage_bucket.website"
          ]
        }
      ]
    },
    {
      "mode": "managed",
      "type": "google_storage_object_access_control",
      "name": "public_rule",
      "provider": "provider[\"registry.terraform.io/hashicorp/google\"]",
      "instances": [
        {
          "schema_version": 0,
          "attributes": {
            "bucket": "example-website-by-alif",
            "domain": "",
            "email": "",
            "entity": "allUsers",
            "entity_id": "",
            "generation": 1717919500153348,
            "id": "example-website-by-alif/index.html/allUsers",
            "object": "index.html",
            "project_team": [],
            "role": "READER",
            "timeouts": null
          },
          "sensitive_attributes": [],
          "private": "eyJlMmJmYjczMC1lY2FhLTExZTYtOGY4OC0zNDM2M2JjN2M0YzAiOnsiY3JlYXRlIjoxMjAwMDAwMDAwMDAwLCJkZWxldGUiOjEyMDAwMDAwMDAwMDAsInVwZGF0ZSI6MTIwMDAwMDAwMDAwMH19",
          "dependencies": [
            "google_storage_bucket.website",
            "google_storage_bucket_object.website"
          ]
        }
      ]
    }
  ],
  "check_results": null
}
